
Microsoft Visual Studio Solution File, Format Version 12.00
# Visual Studio Version 17
VisualStudioVersion = 17.6.33723.286
MinimumVisualStudioVersion = 10.0.40219.1
Project("{FAE04EC0-301F-11D3-BF4B-00C04F79EFBC}") = "VBookHaven", "VBookHaven\VBookHaven.csproj", "{10481A7B-C2C7-4B39-8637-E26B65D1FDEB}"
EndProject
Global
	GlobalSection(SolutionConfigurationPlatforms) = preSolution
		Debug|Any CPU = Debug|Any CPU
		Release|Any CPU = Release|Any CPU
	EndGlobalSection
	GlobalSection(ProjectConfigurationPlatforms) = postSolution
		{10481A7B-C2C7-4B39-8637-E26B65D1FDEB}.Debug|Any CPU.ActiveCfg = Debug|Any CPU
		{10481A7B-C2C7-4B39-8637-E26B65D1FDEB}.Debug|Any CPU.Build.0 = Debug|Any CPU
		{10481A7B-C2C7-4B39-8637-E26B65D1FDEB}.Release|Any CPU.ActiveCfg = Release|Any CPU
		{10481A7B-C2C7-4B39-8637-E26B65D1FDEB}.Release|Any CPU.Build.0 = Release|Any CPU
	EndGlobalSection
	GlobalSection(SolutionProperties) = preSolution
		HideSolutionNode = FALSE
	EndGlobalSection
	GlobalSection(ExtensibilityGlobals) = postSolution
		SolutionGuid = {73048C56-4F61-4882-A74F-CAEE65CD12D7}
	EndGlobalSection
EndGlobal
