
Microsoft Visual Studio Solution File, Format Version 12.00
# Visual Studio Version 17
VisualStudioVersion = 17.6.33723.286
MinimumVisualStudioVersion = 10.0.40219.1
Project("{9A19103F-16F7-4668-BE54-9A1E7A4F7556}") = "VBookHaven", "VBookHaven\VBookHaven.csproj", "{10481A7B-C2C7-4B39-8637-E26B65D1FDEB}"
EndProject
Project("{9A19103F-16F7-4668-BE54-9A1E7A4F7556}") = "VBookHaven.Models", "VBookHaven.Models\VBookHaven.Models.csproj", "{07BF8906-99E3-4918-A65B-DF69736903BE}"
EndProject
Project("{9A19103F-16F7-4668-BE54-9A1E7A4F7556}") = "VBookHaven.Utility", "VBookHaven.Utility\VBookHaven.Utility.csproj", "{92DBF297-BB20-4747-AD76-505E7B3985FF}"
EndProject
Project("{9A19103F-16F7-4668-BE54-9A1E7A4F7556}") = "VBookHaven.DataAccess", "VBookHaven.DataAccess\VBookHaven.DataAccess.csproj", "{D73B4347-4AA8-46A0-B886-BBD1AAC9BD85}"
EndProject
Project("{FAE04EC0-301F-11D3-BF4B-00C04F79EFBC}") = "VBookHaven_Admin", "VBookHaven_Admin\VBookHaven_Admin.csproj", "{9677AAD3-8464-4228-9DFB-15441ABAD181}"
EndProject
Global
	GlobalSection(SolutionConfigurationPlatforms) = preSolution
		Debug|Any CPU = Debug|Any CPU
		Release|Any CPU = Release|Any CPU
	EndGlobalSection
	GlobalSection(ProjectConfigurationPlatforms) = postSolution
		{10481A7B-C2C7-4B39-8637-E26B65D1FDEB}.Debug|Any CPU.ActiveCfg = Debug|Any CPU
		{10481A7B-C2C7-4B39-8637-E26B65D1FDEB}.Debug|Any CPU.Build.0 = Debug|Any CPU
		{10481A7B-C2C7-4B39-8637-E26B65D1FDEB}.Release|Any CPU.ActiveCfg = Release|Any CPU
		{10481A7B-C2C7-4B39-8637-E26B65D1FDEB}.Release|Any CPU.Build.0 = Release|Any CPU
		{07BF8906-99E3-4918-A65B-DF69736903BE}.Debug|Any CPU.ActiveCfg = Debug|Any CPU
		{07BF8906-99E3-4918-A65B-DF69736903BE}.Debug|Any CPU.Build.0 = Debug|Any CPU
		{07BF8906-99E3-4918-A65B-DF69736903BE}.Release|Any CPU.ActiveCfg = Release|Any CPU
		{07BF8906-99E3-4918-A65B-DF69736903BE}.Release|Any CPU.Build.0 = Release|Any CPU
		{92DBF297-BB20-4747-AD76-505E7B3985FF}.Debug|Any CPU.ActiveCfg = Debug|Any CPU
		{92DBF297-BB20-4747-AD76-505E7B3985FF}.Debug|Any CPU.Build.0 = Debug|Any CPU
		{92DBF297-BB20-4747-AD76-505E7B3985FF}.Release|Any CPU.ActiveCfg = Release|Any CPU
		{92DBF297-BB20-4747-AD76-505E7B3985FF}.Release|Any CPU.Build.0 = Release|Any CPU
		{D73B4347-4AA8-46A0-B886-BBD1AAC9BD85}.Debug|Any CPU.ActiveCfg = Debug|Any CPU
		{D73B4347-4AA8-46A0-B886-BBD1AAC9BD85}.Debug|Any CPU.Build.0 = Debug|Any CPU
		{D73B4347-4AA8-46A0-B886-BBD1AAC9BD85}.Release|Any CPU.ActiveCfg = Release|Any CPU
		{D73B4347-4AA8-46A0-B886-BBD1AAC9BD85}.Release|Any CPU.Build.0 = Release|Any CPU
		{9677AAD3-8464-4228-9DFB-15441ABAD181}.Debug|Any CPU.ActiveCfg = Debug|Any CPU
		{9677AAD3-8464-4228-9DFB-15441ABAD181}.Debug|Any CPU.Build.0 = Debug|Any CPU
		{9677AAD3-8464-4228-9DFB-15441ABAD181}.Release|Any CPU.ActiveCfg = Release|Any CPU
		{9677AAD3-8464-4228-9DFB-15441ABAD181}.Release|Any CPU.Build.0 = Release|Any CPU
	EndGlobalSection
	GlobalSection(SolutionProperties) = preSolution
		HideSolutionNode = FALSE
	EndGlobalSection
	GlobalSection(ExtensibilityGlobals) = postSolution
		SolutionGuid = {73048C56-4F61-4882-A74F-CAEE65CD12D7}
	EndGlobalSection
EndGlobal
